
Microsoft Visual Studio Solution File, Format Version 12.00
# Visual Studio Version 17
VisualStudioVersion = 17.7.34003.232
MinimumVisualStudioVersion = 10.0.40219.1
Project("{FAE04EC0-301F-11D3-BF4B-00C04F79EFBC}") = "TenoStore.API", "TenoStore.API\TenoStore.API.csproj", "{6C5D54EF-2E1F-425B-982F-25BA88078C74}"
EndProject
Project("{FAE04EC0-301F-11D3-BF4B-00C04F79EFBC}") = "TexnoStore.Core", "TexnoStore.Core\TexnoStore.Core.csproj", "{AC9CF141-9CDC-4C03-AE93-2ED16452AC2F}"
EndProject
Project("{FAE04EC0-301F-11D3-BF4B-00C04F79EFBC}") = "TexnoStore.Infrastructure", "TexnoStore.Infrastructure\TexnoStore.Infrastructure.csproj", "{0B47E63B-0F5B-4CB4-9567-EF1962B518C0}"
EndProject
Global
	GlobalSection(SolutionConfigurationPlatforms) = preSolution
		Debug|Any CPU = Debug|Any CPU
		Release|Any CPU = Release|Any CPU
	EndGlobalSection
	GlobalSection(ProjectConfigurationPlatforms) = postSolution
		{6C5D54EF-2E1F-425B-982F-25BA88078C74}.Debug|Any CPU.ActiveCfg = Debug|Any CPU
		{6C5D54EF-2E1F-425B-982F-25BA88078C74}.Debug|Any CPU.Build.0 = Debug|Any CPU
		{6C5D54EF-2E1F-425B-982F-25BA88078C74}.Release|Any CPU.ActiveCfg = Release|Any CPU
		{6C5D54EF-2E1F-425B-982F-25BA88078C74}.Release|Any CPU.Build.0 = Release|Any CPU
		{AC9CF141-9CDC-4C03-AE93-2ED16452AC2F}.Debug|Any CPU.ActiveCfg = Debug|Any CPU
		{AC9CF141-9CDC-4C03-AE93-2ED16452AC2F}.Debug|Any CPU.Build.0 = Debug|Any CPU
		{AC9CF141-9CDC-4C03-AE93-2ED16452AC2F}.Release|Any CPU.ActiveCfg = Release|Any CPU
		{AC9CF141-9CDC-4C03-AE93-2ED16452AC2F}.Release|Any CPU.Build.0 = Release|Any CPU
		{0B47E63B-0F5B-4CB4-9567-EF1962B518C0}.Debug|Any CPU.ActiveCfg = Debug|Any CPU
		{0B47E63B-0F5B-4CB4-9567-EF1962B518C0}.Debug|Any CPU.Build.0 = Debug|Any CPU
		{0B47E63B-0F5B-4CB4-9567-EF1962B518C0}.Release|Any CPU.ActiveCfg = Release|Any CPU
		{0B47E63B-0F5B-4CB4-9567-EF1962B518C0}.Release|Any CPU.Build.0 = Release|Any CPU
	EndGlobalSection
	GlobalSection(SolutionProperties) = preSolution
		HideSolutionNode = FALSE
	EndGlobalSection
	GlobalSection(ExtensibilityGlobals) = postSolution
		SolutionGuid = {98550241-BD85-4838-A219-22848446413A}
	EndGlobalSection
EndGlobal
